
Microsoft Visual Studio Solution File, Format Version 12.00
# Visual Studio Version 17
VisualStudioVersion = 17.5.33627.172
MinimumVisualStudioVersion = 10.0.40219.1
Project("{FAE04EC0-301F-11D3-BF4B-00C04F79EFBC}") = "I.F-LP1-AleJerez", "I.F-LP1-AleJerez\I.F-LP1-AleJerez.csproj", "{7F9101FD-8FCB-4399-841D-8CA89737CA00}"
EndProject
Global
	GlobalSection(SolutionConfigurationPlatforms) = preSolution
		Debug|Any CPU = Debug|Any CPU
		Release|Any CPU = Release|Any CPU
	EndGlobalSection
	GlobalSection(ProjectConfigurationPlatforms) = postSolution
		{7F9101FD-8FCB-4399-841D-8CA89737CA00}.Debug|Any CPU.ActiveCfg = Debug|Any CPU
		{7F9101FD-8FCB-4399-841D-8CA89737CA00}.Debug|Any CPU.Build.0 = Debug|Any CPU
		{7F9101FD-8FCB-4399-841D-8CA89737CA00}.Release|Any CPU.ActiveCfg = Release|Any CPU
		{7F9101FD-8FCB-4399-841D-8CA89737CA00}.Release|Any CPU.Build.0 = Release|Any CPU
	EndGlobalSection
	GlobalSection(SolutionProperties) = preSolution
		HideSolutionNode = FALSE
	EndGlobalSection
	GlobalSection(ExtensibilityGlobals) = postSolution
		SolutionGuid = {219CF2CF-4B13-4C79-A109-00E1EE703B3B}
	EndGlobalSection
EndGlobal
